{
  "pins" : [
    {
      "identity" : "swift-package-manager-google-mobile-ads",
      "kind" : "remoteSourceControl",
      "location" : "https://github.com/googleads/swift-package-manager-google-mobile-ads.git",
      "state" : {
        "revision" : "2c121260b1cc690134bdac36cefd330f48cda3f5",
        "version" : "12.9.0"
      }
    },
    {
      "identity" : "swift-package-manager-google-user-messaging-platform",
      "kind" : "remoteSourceControl",
      "location" : "https://github.com/googleads/swift-package-manager-google-user-messaging-platform.git",
      "state" : {
        "revision" : "668673ea23b3e71b9f2540d8fb9464c4dc32ecc0",
        "version" : "2.2.0"
      }
    }
  ],
  "version" : 2
}
